// !$*UTF8*$!
{
	archiveVersion = 1;
	classes = {
	};
	objectVersion = 46;
	objects = {

/* Begin PBXBuildFile section */
		6B005C1D1E9C8AD800936CFD /* Main.storyboard in Resources */ = {isa = PBXBuildFile; fileRef = 6B005C1B1E9C8AD800936CFD /* Main.storyboard */; };
		6B005C1F1E9C8AD800936CFD /* Assets.xcassets in Resources */ = {isa = PBXBuildFile; fileRef = 6B005C1E1E9C8AD800936CFD /* Assets.xcassets */; };
		6B005C221E9C8AD800936CFD /* LaunchScreen.storyboard in Resources */ = {isa = PBXBuildFile; fileRef = 6B005C201E9C8AD800936CFD /* LaunchScreen.storyboard */; };
		6B009F451EC161B200B6BB4B /* TrackDetailViewController.swift in Sources */ = {isa = PBXBuildFile; fileRef = 6B009F441EC161B200B6BB4B /* TrackDetailViewController.swift */; };
		6B86FF971EC050AB0068F4CF /* CollectionViewCell.swift in Sources */ = {isa = PBXBuildFile; fileRef = 6B86FF961EC050AB0068F4CF /* CollectionViewCell.swift */; };
		6B86FF991EC050B90068F4CF /* TrackCell.swift in Sources */ = {isa = PBXBuildFile; fileRef = 6B86FF981EC050B90068F4CF /* TrackCell.swift */; };
		6B86FF9B1EC050F00068F4CF /* Track.swift in Sources */ = {isa = PBXBuildFile; fileRef = 6B86FF9A1EC050F00068F4CF /* Track.swift */; };
		6B86FF9D1EC051300068F4CF /* NetworkManager.swift in Sources */ = {isa = PBXBuildFile; fileRef = 6B86FF9C1EC051300068F4CF /* NetworkManager.swift */; };
		6B86FFA11EC0513C0068F4CF /* ViewController.swift in Sources */ = {isa = PBXBuildFile; fileRef = 6B86FFA01EC0513C0068F4CF /* ViewController.swift */; };
		6B86FFA31EC051C10068F4CF /* LeftTabViewCell.swift in Sources */ = {isa = PBXBuildFile; fileRef = 6B86FFA21EC051C10068F4CF /* LeftTabViewCell.swift */; };
		6B86FFA51EC051C90068F4CF /* LeftTabViewController.swift in Sources */ = {isa = PBXBuildFile; fileRef = 6B86FFA41EC051C90068F4CF /* LeftTabViewController.swift */; };
		6B86FFAA1EC052870068F4CF /* SWRevealViewController.m in Sources */ = {isa = PBXBuildFile; fileRef = 6B86FFA91EC052870068F4CF /* SWRevealViewController.m */; };
		6B86FFAD1EC065DF0068F4CF /* AppDelegate.swift in Sources */ = {isa = PBXBuildFile; fileRef = 6B86FFAC1EC065DF0068F4CF /* AppDelegate.swift */; };
		6B86FFB91EC067020068F4CF /* Default-568h@2x.png in Resources */ = {isa = PBXBuildFile; fileRef = 6B86FFB81EC067020068F4CF /* Default-568h@2x.png */; };
		6B86FFBB1EC0672E0068F4CF /* Info.plist in Resources */ = {isa = PBXBuildFile; fileRef = 6B86FFBA1EC0672E0068F4CF /* Info.plist */; };
/* End PBXBuildFile section */

/* Begin PBXFileReference section */
		6B005C141E9C8AD800936CFD /* Assignment.app */ = {isa = PBXFileReference; explicitFileType = wrapper.application; includeInIndex = 0; path = Assignment.app; sourceTree = BUILT_PRODUCTS_DIR; };
		6B005C1C1E9C8AD800936CFD /* Base */ = {isa = PBXFileReference; lastKnownFileType = file.storyboard; name = Base; path = Base.lproj/Main.storyboard; sourceTree = "<group>"; };
		6B005C1E1E9C8AD800936CFD /* Assets.xcassets */ = {isa = PBXFileReference; lastKnownFileType = folder.assetcatalog; path = Assets.xcassets; sourceTree = "<group>"; };
		6B005C211E9C8AD800936CFD /* Base */ = {isa = PBXFileReference; lastKnownFileType = file.storyboard; name = Base; path = Base.lproj/LaunchScreen.storyboard; sourceTree = "<group>"; };
		6B009F441EC161B200B6BB4B /* TrackDetailViewController.swift */ = {isa = PBXFileReference; fileEncoding = 4; lastKnownFileType = sourcecode.swift; name = TrackDetailViewController.swift; path = Controller/TrackDetailViewController.swift; sourceTree = "<group>"; };
		6B86FF961EC050AB0068F4CF /* CollectionViewCell.swift */ = {isa = PBXFileReference; fileEncoding = 4; lastKnownFileType = sourcecode.swift; name = CollectionViewCell.swift; path = View/CollectionViewCell.swift; sourceTree = "<group>"; };
		6B86FF981EC050B90068F4CF /* TrackCell.swift */ = {isa = PBXFileReference; fileEncoding = 4; lastKnownFileType = sourcecode.swift; name = TrackCell.swift; path = View/TrackCell.swift; sourceTree = "<group>"; };
		6B86FF9A1EC050F00068F4CF /* Track.swift */ = {isa = PBXFileReference; fileEncoding = 4; lastKnownFileType = sourcecode.swift; name = Track.swift; path = Model/Track.swift; sourceTree = "<group>"; };
		6B86FF9C1EC051300068F4CF /* NetworkManager.swift */ = {isa = PBXFileReference; fileEncoding = 4; lastKnownFileType = sourcecode.swift; name = NetworkManager.swift; path = Controller/NetworkManager.swift; sourceTree = "<group>"; };
		6B86FFA01EC0513C0068F4CF /* ViewController.swift */ = {isa = PBXFileReference; fileEncoding = 4; lastKnownFileType = sourcecode.swift; name = ViewController.swift; path = Controller/ViewController.swift; sourceTree = "<group>"; };
		6B86FFA21EC051C10068F4CF /* LeftTabViewCell.swift */ = {isa = PBXFileReference; fileEncoding = 4; lastKnownFileType = sourcecode.swift; name = LeftTabViewCell.swift; path = "Left Tab/LeftTabViewCell.swift"; sourceTree = "<group>"; };
		6B86FFA41EC051C90068F4CF /* LeftTabViewController.swift */ = {isa = PBXFileReference; fileEncoding = 4; lastKnownFileType = sourcecode.swift; name = LeftTabViewController.swift; path = "Left Tab/LeftTabViewController.swift"; sourceTree = "<group>"; };
		6B86FFA71EC052870068F4CF /* Assignment-Bridging-Header.h */ = {isa = PBXFileReference; fileEncoding = 4; lastKnownFileType = sourcecode.c.h; path = "Assignment-Bridging-Header.h"; sourceTree = "<group>"; };
		6B86FFA81EC052870068F4CF /* SWRevealViewController.h */ = {isa = PBXFileReference; fileEncoding = 4; lastKnownFileType = sourcecode.c.h; path = SWRevealViewController.h; sourceTree = "<group>"; };
		6B86FFA91EC052870068F4CF /* SWRevealViewController.m */ = {isa = PBXFileReference; fileEncoding = 4; lastKnownFileType = sourcecode.c.objc; path = SWRevealViewController.m; sourceTree = "<group>"; };
		6B86FFAC1EC065DF0068F4CF /* AppDelegate.swift */ = {isa = PBXFileReference; fileEncoding = 4; lastKnownFileType = sourcecode.swift; name = AppDelegate.swift; path = Application/AppDelegate.swift; sourceTree = "<group>"; };
		6B86FFB81EC067020068F4CF /* Default-568h@2x.png */ = {isa = PBXFileReference; lastKnownFileType = image.png; path = "Default-568h@2x.png"; sourceTree = "<group>"; };
		6B86FFBA1EC0672E0068F4CF /* Info.plist */ = {isa = PBXFileReference; fileEncoding = 4; lastKnownFileType = text.plist.xml; path = Info.plist; sourceTree = "<group>"; };
/* End PBXFileReference section */

/* Begin PBXFrameworksBuildPhase section */
		6B005C111E9C8AD800936CFD /* Frameworks */ = {
			isa = PBXFrameworksBuildPhase;
			buildActionMask = 2147483647;
			files = (
			);
			runOnlyForDeploymentPostprocessing = 0;
		};
/* End PBXFrameworksBuildPhase section */

/* Begin PBXGroup section */
		6B005C0B1E9C8AD800936CFD = {
			isa = PBXGroup;
			children = (
				6B86FFB81EC067020068F4CF /* Default-568h@2x.png */,
				6B005C161E9C8AD800936CFD /* Assignment */,
				6B005C151E9C8AD800936CFD /* Products */,
			);
			sourceTree = "<group>";
		};
		6B005C151E9C8AD800936CFD /* Products */ = {
			isa = PBXGroup;
			children = (
				6B005C141E9C8AD800936CFD /* Assignment.app */,
			);
			name = Products;
			sourceTree = "<group>";
		};
		6B005C161E9C8AD800936CFD /* Assignment */ = {
			isa = PBXGroup;
			children = (
				6B86FFAB1EC0659C0068F4CF /* Application */,
				6BC63D0D1EADF75F001A4FC8 /* Left Tab */,
				6BC63D021EADEF2F001A4FC8 /* Controller */,
				6BC63D011EADEF23001A4FC8 /* View */,
				6BC63D001EADEF17001A4FC8 /* Model */,
				6B86FFB71EC066B20068F4CF /* Resources */,
			);
			path = Assignment;
			sourceTree = "<group>";
		};
		6B86FFA61EC052870068F4CF /* SWRevealViewController */ = {
			isa = PBXGroup;
			children = (
				6B86FFA71EC052870068F4CF /* Assignment-Bridging-Header.h */,
				6B86FFA81EC052870068F4CF /* SWRevealViewController.h */,
				6B86FFA91EC052870068F4CF /* SWRevealViewController.m */,
			);
			path = SWRevealViewController;
			sourceTree = "<group>";
		};
		6B86FFAB1EC0659C0068F4CF /* Application */ = {
			isa = PBXGroup;
			children = (
				6B86FFAC1EC065DF0068F4CF /* AppDelegate.swift */,
				6B005C201E9C8AD800936CFD /* LaunchScreen.storyboard */,
				6B005C1B1E9C8AD800936CFD /* Main.storyboard */,
				6B86FFBA1EC0672E0068F4CF /* Info.plist */,
			);
			name = Application;
			sourceTree = "<group>";
		};
		6B86FFB71EC066B20068F4CF /* Resources */ = {
			isa = PBXGroup;
			children = (
				6B005C1E1E9C8AD800936CFD /* Assets.xcassets */,
			);
			name = Resources;
			sourceTree = "<group>";
		};
		6BC63D001EADEF17001A4FC8 /* Model */ = {
			isa = PBXGroup;
			children = (
				6B86FF9A1EC050F00068F4CF /* Track.swift */,
			);
			name = Model;
			sourceTree = "<group>";
		};
		6BC63D011EADEF23001A4FC8 /* View */ = {
			isa = PBXGroup;
			children = (
				6B86FF961EC050AB0068F4CF /* CollectionViewCell.swift */,
				6B86FF981EC050B90068F4CF /* TrackCell.swift */,
			);
			name = View;
			sourceTree = "<group>";
		};
		6BC63D021EADEF2F001A4FC8 /* Controller */ = {
			isa = PBXGroup;
			children = (
				6B86FFA61EC052870068F4CF /* SWRevealViewController */,
				6B009F441EC161B200B6BB4B /* TrackDetailViewController.swift */,
				6B86FF9C1EC051300068F4CF /* NetworkManager.swift */,
				6B86FFA01EC0513C0068F4CF /* ViewController.swift */,
			);
			name = Controller;
			sourceTree = "<group>";
		};
		6BC63D0D1EADF75F001A4FC8 /* Left Tab */ = {
			isa = PBXGroup;
			children = (
				6B86FFA21EC051C10068F4CF /* LeftTabViewCell.swift */,
				6B86FFA41EC051C90068F4CF /* LeftTabViewController.swift */,
			);
			name = "Left Tab";
			sourceTree = "<group>";
		};
/* End PBXGroup section */

/* Begin PBXNativeTarget section */
		6B005C131E9C8AD800936CFD /* Assignment */ = {
			isa = PBXNativeTarget;
			buildConfigurationList = 6B005C261E9C8AD800936CFD /* Build configuration list for PBXNativeTarget "Assignment" */;
			buildPhases = (
				6B005C101E9C8AD800936CFD /* Sources */,
				6B005C111E9C8AD800936CFD /* Frameworks */,
				6B005C121E9C8AD800936CFD /* Resources */,
			);
			buildRules = (
			);
			dependencies = (
			);
			name = Assignment;
			productName = Assignment;
			productReference = 6B005C141E9C8AD800936CFD /* Assignment.app */;
			productType = "com.apple.product-type.application";
		};
/* End PBXNativeTarget section */

/* Begin PBXProject section */
		6B005C0C1E9C8AD800936CFD /* Project object */ = {
			isa = PBXProject;
			attributes = {
				LastSwiftUpdateCheck = 0820;
				LastUpgradeCheck = 0820;
				ORGANIZATIONNAME = Alaxabo;
				TargetAttributes = {
					6B005C131E9C8AD800936CFD = {
						CreatedOnToolsVersion = 8.2.1;
						LastSwiftMigration = 0820;
						ProvisioningStyle = Automatic;
					};
				};
			};
			buildConfigurationList = 6B005C0F1E9C8AD800936CFD /* Build configuration list for PBXProject "Assignment" */;
			compatibilityVersion = "Xcode 3.2";
			developmentRegion = English;
			hasScannedForEncodings = 0;
			knownRegions = (
				en,
				Base,
			);
			mainGroup = 6B005C0B1E9C8AD800936CFD;
			productRefGroup = 6B005C151E9C8AD800936CFD /* Products */;
			projectDirPath = "";
			projectRoot = "";
			targets = (
				6B005C131E9C8AD800936CFD /* Assignment */,
			);
		};
/* End PBXProject section */

/* Begin PBXResourcesBuildPhase section */
		6B005C121E9C8AD800936CFD /* Resources */ = {
			isa = PBXResourcesBuildPhase;
			buildActionMask = 2147483647;
			files = (
				6B005C221E9C8AD800936CFD /* LaunchScreen.storyboard in Resources */,
				6B005C1F1E9C8AD800936CFD /* Assets.xcassets in Resources */,
				6B86FFB91EC067020068F4CF /* Default-568h@2x.png in Resources */,
				6B86FFBB1EC0672E0068F4CF /* Info.plist in Resources */,
				6B005C1D1E9C8AD800936CFD /* Main.storyboard in Resources */,
			);
			runOnlyForDeploymentPostprocessing = 0;
		};
/* End PBXResourcesBuildPhase section */

/* Begin PBXSourcesBuildPhase section */
		6B005C101E9C8AD800936CFD /* Sources */ = {
			isa = PBXSourcesBuildPhase;
			buildActionMask = 2147483647;
			files = (
				6B86FFAD1EC065DF0068F4CF /* AppDelegate.swift in Sources */,
				6B009F451EC161B200B6BB4B /* TrackDetailViewController.swift in Sources */,
				6B86FF9B1EC050F00068F4CF /* Track.swift in Sources */,
				6B86FF9D1EC051300068F4CF /* NetworkManager.swift in Sources */,
				6B86FFA11EC0513C0068F4CF /* ViewController.swift in Sources */,
				6B86FFA31EC051C10068F4CF /* LeftTabViewCell.swift in Sources */,
				6B86FF971EC050AB0068F4CF /* CollectionViewCell.swift in Sources */,
				6B86FFAA1EC052870068F4CF /* SWRevealViewController.m in Sources */,
				6B86FF991EC050B90068F4CF /* TrackCell.swift in Sources */,
				6B86FFA51EC051C90068F4CF /* LeftTabViewController.swift in Sources */,
			);
			runOnlyForDeploymentPostprocessing = 0;
		};
/* End PBXSourcesBuildPhase section */

/* Begin PBXVariantGroup section */
		6B005C1B1E9C8AD800936CFD /* Main.storyboard */ = {
			isa = PBXVariantGroup;
			children = (
				6B005C1C1E9C8AD800936CFD /* Base */,
			);
			name = Main.storyboard;
			sourceTree = "<group>";
		};
		6B005C201E9C8AD800936CFD /* LaunchScreen.storyboard */ = {
			isa = PBXVariantGroup;
			children = (
				6B005C211E9C8AD800936CFD /* Base */,
			);
			name = LaunchScreen.storyboard;
			sourceTree = "<group>";
		};
/* End PBXVariantGroup section */

/* Begin XCBuildConfiguration section */
		6B005C241E9C8AD800936CFD /* Debug */ = {
			isa = XCBuildConfiguration;
			buildSettings = {
				ALWAYS_SEARCH_USER_PATHS = NO;
				CLANG_ANALYZER_NONNULL = YES;
				CLANG_CXX_LANGUAGE_STANDARD = "gnu++0x";
				CLANG_CXX_LIBRARY = "libc++";
				CLANG_ENABLE_MODULES = YES;
				CLANG_ENABLE_OBJC_ARC = YES;
				CLANG_WARN_BOOL_CONVERSION = YES;
				CLANG_WARN_CONSTANT_CONVERSION = YES;
				CLANG_WARN_DIRECT_OBJC_ISA_USAGE = YES_ERROR;
				CLANG_WARN_DOCUMENTATION_COMMENTS = YES;
				CLANG_WARN_EMPTY_BODY = YES;
				CLANG_WARN_ENUM_CONVERSION = YES;
				CLANG_WARN_INFINITE_RECURSION = YES;
				CLANG_WARN_INT_CONVERSION = YES;
				CLANG_WARN_OBJC_ROOT_CLASS = YES_ERROR;
				CLANG_WARN_SUSPICIOUS_MOVE = YES;
				CLANG_WARN_UNREACHABLE_CODE = YES;
				CLANG_WARN__DUPLICATE_METHOD_MATCH = YES;
				"CODE_SIGN_IDENTITY[sdk=iphoneos*]" = "iPhone Developer";
				COPY_PHASE_STRIP = NO;
				DEBUG_INFORMATION_FORMAT = dwarf;
				ENABLE_STRICT_OBJC_MSGSEND = YES;
				ENABLE_TESTABILITY = YES;
				GCC_C_LANGUAGE_STANDARD = gnu99;
				GCC_DYNAMIC_NO_PIC = NO;
				GCC_NO_COMMON_BLOCKS = YES;
				GCC_OPTIMIZATION_LEVEL = 0;
				GCC_PREPROCESSOR_DEFINITIONS = (
					"DEBUG=1",
					"$(inherited)",
				);
				GCC_WARN_64_TO_32_BIT_CONVERSION = YES;
				GCC_WARN_ABOUT_RETURN_TYPE = YES_ERROR;
				GCC_WARN_UNDECLARED_SELECTOR = YES;
				GCC_WARN_UNINITIALIZED_AUTOS = YES_AGGRESSIVE;
				GCC_WARN_UNUSED_FUNCTION = YES;
				GCC_WARN_UNUSED_VARIABLE = YES;
				IPHONEOS_DEPLOYMENT_TARGET = 10.2;
				MTL_ENABLE_DEBUG_INFO = YES;
				ONLY_ACTIVE_ARCH = YES;
				SDKROOT = iphoneos;
				SWIFT_ACTIVE_COMPILATION_CONDITIONS = DEBUG;
				SWIFT_OPTIMIZATION_LEVEL = "-Onone";
				TARGETED_DEVICE_FAMILY = "1,2";
			};
			name = Debug;
		};
		6B005C251E9C8AD800936CFD /* Release */ = {
			isa = XCBuildConfiguration;
			buildSettings = {
				ALWAYS_SEARCH_USER_PATHS = NO;
				CLANG_ANALYZER_NONNULL = YES;
				CLANG_CXX_LANGUAGE_STANDARD = "gnu++0x";
				CLANG_CXX_LIBRARY = "libc++";
				CLANG_ENABLE_MODULES = YES;
				CLANG_ENABLE_OBJC_ARC = YES;
				CLANG_WARN_BOOL_CONVERSION = YES;
				CLANG_WARN_CONSTANT_CONVERSION = YES;
				CLANG_WARN_DIRECT_OBJC_ISA_USAGE = YES_ERROR;
				CLANG_WARN_DOCUMENTATION_COMMENTS = YES;
				CLANG_WARN_EMPTY_BODY = YES;
				CLANG_WARN_ENUM_CONVERSION = YES;
				CLANG_WARN_INFINITE_RECURSION = YES;
				CLANG_WARN_INT_CONVERSION = YES;
				CLANG_WARN_OBJC_ROOT_CLASS = YES_ERROR;
				CLANG_WARN_SUSPICIOUS_MOVE = YES;
				CLANG_WARN_UNREACHABLE_CODE = YES;
				CLANG_WARN__DUPLICATE_METHOD_MATCH = YES;
				"CODE_SIGN_IDENTITY[sdk=iphoneos*]" = "iPhone Developer";
				COPY_PHASE_STRIP = NO;
				DEBUG_INFORMATION_FORMAT = "dwarf-with-dsym";
				ENABLE_NS_ASSERTIONS = NO;
				ENABLE_STRICT_OBJC_MSGSEND = YES;
				GCC_C_LANGUAGE_STANDARD = gnu99;
				GCC_NO_COMMON_BLOCKS = YES;
				GCC_WARN_64_TO_32_BIT_CONVERSION = YES;
				GCC_WARN_ABOUT_RETURN_TYPE = YES_ERROR;
				GCC_WARN_UNDECLARED_SELECTOR = YES;
				GCC_WARN_UNINITIALIZED_AUTOS = YES_AGGRESSIVE;
				GCC_WARN_UNUSED_FUNCTION = YES;
				GCC_WARN_UNUSED_VARIABLE = YES;
				IPHONEOS_DEPLOYMENT_TARGET = 10.2;
				MTL_ENABLE_DEBUG_INFO = NO;
				SDKROOT = iphoneos;
				SWIFT_OPTIMIZATION_LEVEL = "-Owholemodule";
				TARGETED_DEVICE_FAMILY = "1,2";
				VALIDATE_PRODUCT = YES;
			};
			name = Release;
		};
		6B005C271E9C8AD800936CFD /* Debug */ = {
			isa = XCBuildConfiguration;
			buildSettings = {
				ASSETCATALOG_COMPILER_APPICON_NAME = AppIcon;
				CLANG_ENABLE_MODULES = YES;
				INFOPLIST_FILE = Assignment/Info.plist;
				LD_RUNPATH_SEARCH_PATHS = "$(inherited) @executable_path/Frameworks";
				PRODUCT_BUNDLE_IDENTIFIER = Alaxabo.Assignment;
				PRODUCT_NAME = "$(TARGET_NAME)";
				SWIFT_OBJC_BRIDGING_HEADER = "Assignment/SWRevealViewController/Assignment-Bridging-Header.h";
				SWIFT_OPTIMIZATION_LEVEL = "-Onone";
				SWIFT_VERSION = 3.0;
			};
			name = Debug;
		};
		6B005C281E9C8AD800936CFD /* Release */ = {
			isa = XCBuildConfiguration;
			buildSettings = {
				ASSETCATALOG_COMPILER_APPICON_NAME = AppIcon;
				CLANG_ENABLE_MODULES = YES;
				INFOPLIST_FILE = Assignment/Info.plist;
				LD_RUNPATH_SEARCH_PATHS = "$(inherited) @executable_path/Frameworks";
				PRODUCT_BUNDLE_IDENTIFIER = Alaxabo.Assignment;
				PRODUCT_NAME = "$(TARGET_NAME)";
				SWIFT_OBJC_BRIDGING_HEADER = "Assignment/SWRevealViewController/Assignment-Bridging-Header.h";
				SWIFT_VERSION = 3.0;
			};
			name = Release;
		};
/* End XCBuildConfiguration section */

/* Begin XCConfigurationList section */
		6B005C0F1E9C8AD800936CFD /* Build configuration list for PBXProject "Assignment" */ = {
			isa = XCConfigurationList;
			buildConfigurations = (
				6B005C241E9C8AD800936CFD /* Debug */,
				6B005C251E9C8AD800936CFD /* Release */,
			);
			defaultConfigurationIsVisible = 0;
			defaultConfigurationName = Release;
		};
		6B005C261E9C8AD800936CFD /* Build configuration list for PBXNativeTarget "Assignment" */ = {
			isa = XCConfigurationList;
			buildConfigurations = (
				6B005C271E9C8AD800936CFD /* Debug */,
				6B005C281E9C8AD800936CFD /* Release */,
			);
			defaultConfigurationIsVisible = 0;
			defaultConfigurationName = Release;
		};
/* End XCConfigurationList section */
	};
	rootObject = 6B005C0C1E9C8AD800936CFD /* Project object */;
}
